github.com/panicthis/A v1.1.0 h1:xJc9WkewyCXXjbmZV7dw3s9p1GBhaKgPhuGqkoSM5h0=
github.com/panicthis/A v1.1.0/go.mod h1:ZjOnY408Kk+17LupJVasBtN346yJiYOXi6W24rKp5bk=
github.com/panicthis/B v1.2.0 h1:V+p3pmS3iA8Wtb9o4X7HhgqliV5xuKbiHmTeITWYxI4=
github.com/panicthis/B v1.2.0/go.mod h1:2LtkupHYVRVPzSwjYr9ZCq7s+oIp6t8aJ276qwPXurc=
github.com/panicthis/C v1.1.0/go.mod h1:fMtRjYibgxBE6UJZPY2NXYwYkfeoscNIo74veHTjUNE=
github.com/panicthis/C v1.4.0 h1:mVo5rnq0AeVPpxhWFqsb6YErQbzyNJgv7fumlXiUDtc=
github.com/panicthis/C v1.4.0/go.mod h1:bGWAUBhvWNlRKlXRkZ/GvJ4t1L9TViuVqt3CCiBGJRE=
github.com/panicthis/D v1.1.0/go.mod h1:j8I1cIC2pOEDl5kXp0TV+a0dsLUL4GmocSohNxGaz94=
github.com/panicthis/D v1.2.0/go.mod h1:j8I1cIC2pOEDl5kXp0TV+a0dsLUL4GmocSohNxGaz94=
github.com/panicthis/D v1.3.0 h1:jZkQO+lSFbB6v7k8WakzqIJjfKFkKXrEv2BGWi+IBoM=
github.com/panicthis/D v1.3.0/go.mod h1:j8I1cIC2pOEDl5kXp0TV+a0dsLUL4GmocSohNxGaz94=
github.com/panicthis/E v1.1.0 h1:rGmnZK2TDeo3eUxgl2J2gQcKIjjFp+GPSqxJ1etc6Ig=
github.com/panicthis/E v1.1.0/go.mod h1:BOnuB0/llsb7tWFHN1O0OO9VOJFxBbLGctdb6dkCVKo=
github.com/panicthis/F v0.0.0-20210614032410-26164668a2de/go.mod h1:lUebpwdmVKic/5OlGGzI844d0G3AUqBFY4GeScUrpIs=
github.com/panicthis/F v1.1.0 h1:S0ErBOXl/xWOxCF3xWyfrdZRoRWfkuFF2wbKX0WhPrw=
github.com/panicthis/F v1.1.0/go.mod h1:lUebpwdmVKic/5OlGGzI844d0G3AUqBFY4GeScUrpIs=
github.com/panicthis/G/v2 v2.0.0 h1:iFJr9CPIMYJ93vWK44409Pb+J/aBzHuEvQaWNTnQAes=
github.com/panicthis/G/v2 v2.0.0/go.mod h1:z1iN5tl5L+3V3REfhywlDoTqMaiLCg/d0FM2RyaoM/g=
github.com/panicthis/H v0.0.0-20210620074350-4f7657a88770 h1:x8S05bwXIdfDnwh5qssJWWmhALvHiFiP2sd8GH7Jkys=
github.com/panicthis/H v0.0.0-20210620074350-4f7657a88770/go.mod h1:0eEISyMuT7RnfFtIM+BOlNmFmhWvfVzZq06iNf07/9c=
github.com/panicthis/I v0.1.0 h1:zjkeRMyatOt62GX+9Zfsan7Nkm/E+MDA53o7gNCe0Jo=
github.com/panicthis/I v0.1.0/go.mod h1:BYQKy8i/JbnkETebLG5Z0MKrsy9txJVrUYumM7RAnXI=
github.com/panicthis/J v1.0.0 h1:9yBmxyq7Y4ygkj6dwN8s2k+BQGBMELz/hQb/L1NfKmg=
github.com/panicthis/J v1.0.0/go.mod h1:U6VrcUwfRuzXjh7mFxDafiqUveC11Nsl9UC721UYSXQ=
github.com/panicthis/K v1.1.1-0.20210620080121-20a593f94f90 h1:vw9xtjvnF1LEI2TbqMD5UoaYDz/57b4p68lu2F2bxLQ=
github.com/panicthis/K v1.1.1-0.20210620080121-20a593f94f90/go.mod h1:DBj8MhyOVeDrTr2Y07g+PezMBqP7NVC/q79FvILgaWw=
